# THIS IS AN AUTOGENERATED FILE. DO NOT EDIT THIS FILE DIRECTLY.
# yarn lockfile v1


pixelmatch@^7.1.0:
  version "7.1.0"
  resolved "https://registry.npmjs.org/pixelmatch/-/pixelmatch-7.1.0.tgz#9d59bddc8c779340e791106c0f245ac33ae4d113"
  integrity sha512-1wrVzJ2STrpmONHKBy228LM1b84msXDUoAzVEl0R8Mz4Ce6EPr+IVtxm8+yvrqLYMHswREkjYFaMxnyGnaY3Ng==
  dependencies:
    pngjs "^7.0.0"

pngjs@^7.0.0:
  version "7.0.0"
  resolved "https://registry.npmjs.org/pngjs/-/pngjs-7.0.0.tgz#a8b7446020ebbc6ac739db6c5415a65d17090e26"
  integrity sha512-LKWqWJRhstyYo9pGvgor/ivk2w94eSjE3RGVuzLGlr3NmD8bf7RcYGze1mNdEHRP6TRP6rMuDHk5t44hnTRyow==
